
Microsoft Visual Studio Solution File, Format Version 12.00
# Visual Studio Version 17
VisualStudioVersion = 17.1.32210.238
MinimumVisualStudioVersion = 10.0.40219.1
Project("{FAE04EC0-301F-11D3-BF4B-00C04F79EFBC}") = "ConsoleAppToConsumeWEBAPI", "ConsoleAppToConsumeWEBAPI\ConsoleAppToConsumeWEBAPI.csproj", "{C4677C13-7CF4-4805-B008-2A77E7A2762F}"
EndProject
Global
	GlobalSection(SolutionConfigurationPlatforms) = preSolution
		Debug|Any CPU = Debug|Any CPU
		Release|Any CPU = Release|Any CPU
	EndGlobalSection
	GlobalSection(ProjectConfigurationPlatforms) = postSolution
		{C4677C13-7CF4-4805-B008-2A77E7A2762F}.Debug|Any CPU.ActiveCfg = Debug|Any CPU
		{C4677C13-7CF4-4805-B008-2A77E7A2762F}.Debug|Any CPU.Build.0 = Debug|Any CPU
		{C4677C13-7CF4-4805-B008-2A77E7A2762F}.Release|Any CPU.ActiveCfg = Release|Any CPU
		{C4677C13-7CF4-4805-B008-2A77E7A2762F}.Release|Any CPU.Build.0 = Release|Any CPU
	EndGlobalSection
	GlobalSection(SolutionProperties) = preSolution
		HideSolutionNode = FALSE
	EndGlobalSection
	GlobalSection(ExtensibilityGlobals) = postSolution
		SolutionGuid = {A2994B66-48D0-452F-9B28-6E013EF947DD}
	EndGlobalSection
EndGlobal
